
Microsoft Visual Studio Solution File, Format Version 12.00
# Visual Studio Version 16
VisualStudioVersion = 16.0.29613.14
MinimumVisualStudioVersion = 10.0.40219.1
Project("{FAE04EC0-301F-11D3-BF4B-00C04F79EFBC}") = "TDDCalculatorTest", "TDD-Calculator\TDDCalculatorTest.csproj", "{3F289591-52BF-458E-A2C2-35E3B1373672}"
EndProject
Project("{FAE04EC0-301F-11D3-BF4B-00C04F79EFBC}") = "TDDCalculator", "Calculator\TDDCalculator.csproj", "{4934EC78-9A28-4A68-85B6-6A2284A1B09B}"
EndProject
Global
	GlobalSection(SolutionConfigurationPlatforms) = preSolution
		Debug|Any CPU = Debug|Any CPU
		Release|Any CPU = Release|Any CPU
	EndGlobalSection
	GlobalSection(ProjectConfigurationPlatforms) = postSolution
		{3F289591-52BF-458E-A2C2-35E3B1373672}.Debug|Any CPU.ActiveCfg = Debug|Any CPU
		{3F289591-52BF-458E-A2C2-35E3B1373672}.Debug|Any CPU.Build.0 = Debug|Any CPU
		{3F289591-52BF-458E-A2C2-35E3B1373672}.Release|Any CPU.ActiveCfg = Release|Any CPU
		{3F289591-52BF-458E-A2C2-35E3B1373672}.Release|Any CPU.Build.0 = Release|Any CPU
		{4934EC78-9A28-4A68-85B6-6A2284A1B09B}.Debug|Any CPU.ActiveCfg = Debug|Any CPU
		{4934EC78-9A28-4A68-85B6-6A2284A1B09B}.Debug|Any CPU.Build.0 = Debug|Any CPU
		{4934EC78-9A28-4A68-85B6-6A2284A1B09B}.Release|Any CPU.ActiveCfg = Release|Any CPU
		{4934EC78-9A28-4A68-85B6-6A2284A1B09B}.Release|Any CPU.Build.0 = Release|Any CPU
	EndGlobalSection
	GlobalSection(SolutionProperties) = preSolution
		HideSolutionNode = FALSE
	EndGlobalSection
	GlobalSection(ExtensibilityGlobals) = postSolution
		SolutionGuid = {9604B5F1-9E9E-4CB7-B1D9-ADF5A880BC8B}
	EndGlobalSection
EndGlobal
